// !$*UTF8*$!
{
	archiveVersion = 1;
	classes = {
	};
	objectVersion = 50;
	objects = {

/* Begin PBXBuildFile section */
		2E701B71228A3B6C008D9B92 /* AppDelegate.swift in Sources */ = {isa = PBXBuildFile; fileRef = 2E701B70228A3B6C008D9B92 /* AppDelegate.swift */; };
		2E701B73228A3B6C008D9B92 /* ViewController.swift in Sources */ = {isa = PBXBuildFile; fileRef = 2E701B72228A3B6C008D9B92 /* ViewController.swift */; };
		2E701B76228A3B6C008D9B92 /* Main.storyboard in Resources */ = {isa = PBXBuildFile; fileRef = 2E701B74228A3B6C008D9B92 /* Main.storyboard */; };
		2E701B78228A3B6D008D9B92 /* Assets.xcassets in Resources */ = {isa = PBXBuildFile; fileRef = 2E701B77228A3B6D008D9B92 /* Assets.xcassets */; };
		2E701B7B228A3B6D008D9B92 /* LaunchScreen.storyboard in Resources */ = {isa = PBXBuildFile; fileRef = 2E701B79228A3B6D008D9B92 /* LaunchScreen.storyboard */; };
		2E701B86228A3B6D008D9B92 /* aula_UI_text_fieldTests.swift in Sources */ = {isa = PBXBuildFile; fileRef = 2E701B85228A3B6D008D9B92 /* aula_UI_text_fieldTests.swift */; };
		2E701B91228A3B6D008D9B92 /* aula_UI_text_fieldUITests.swift in Sources */ = {isa = PBXBuildFile; fileRef = 2E701B90228A3B6D008D9B92 /* aula_UI_text_fieldUITests.swift */; };
/* End PBXBuildFile section */

/* Begin PBXContainerItemProxy section */
		2E701B82228A3B6D008D9B92 /* PBXContainerItemProxy */ = {
			isa = PBXContainerItemProxy;
			containerPortal = 2E701B65228A3B6C008D9B92 /* Project object */;
			proxyType = 1;
			remoteGlobalIDString = 2E701B6C228A3B6C008D9B92;
			remoteInfo = aula_UI_text_field;
		};
		2E701B8D228A3B6D008D9B92 /* PBXContainerItemProxy */ = {
			isa = PBXContainerItemProxy;
			containerPortal = 2E701B65228A3B6C008D9B92 /* Project object */;
			proxyType = 1;
			remoteGlobalIDString = 2E701B6C228A3B6C008D9B92;
			remoteInfo = aula_UI_text_field;
		};
/* End PBXContainerItemProxy section */

/* Begin PBXFileReference section */
		2E701B6D228A3B6C008D9B92 /* aula_UI_text_field.app */ = {isa = PBXFileReference; explicitFileType = wrapper.application; includeInIndex = 0; path = aula_UI_text_field.app; sourceTree = BUILT_PRODUCTS_DIR; };
		2E701B70228A3B6C008D9B92 /* AppDelegate.swift */ = {isa = PBXFileReference; lastKnownFileType = sourcecode.swift; path = AppDelegate.swift; sourceTree = "<group>"; };
		2E701B72228A3B6C008D9B92 /* ViewController.swift */ = {isa = PBXFileReference; lastKnownFileType = sourcecode.swift; path = ViewController.swift; sourceTree = "<group>"; };
		2E701B75228A3B6C008D9B92 /* Base */ = {isa = PBXFileReference; lastKnownFileType = file.storyboard; name = Base; path = Base.lproj/Main.storyboard; sourceTree = "<group>"; };
		2E701B77228A3B6D008D9B92 /* Assets.xcassets */ = {isa = PBXFileReference; lastKnownFileType = folder.assetcatalog; path = Assets.xcassets; sourceTree = "<group>"; };
		2E701B7A228A3B6D008D9B92 /* Base */ = {isa = PBXFileReference; lastKnownFileType = file.storyboard; name = Base; path = Base.lproj/LaunchScreen.storyboard; sourceTree = "<group>"; };
		2E701B7C228A3B6D008D9B92 /* Info.plist */ = {isa = PBXFileReference; lastKnownFileType = text.plist.xml; path = Info.plist; sourceTree = "<group>"; };
		2E701B81228A3B6D008D9B92 /* aula_UI_text_fieldTests.xctest */ = {isa = PBXFileReference; explicitFileType = wrapper.cfbundle; includeInIndex = 0; path = aula_UI_text_fieldTests.xctest; sourceTree = BUILT_PRODUCTS_DIR; };
		2E701B85228A3B6D008D9B92 /* aula_UI_text_fieldTests.swift */ = {isa = PBXFileReference; lastKnownFileType = sourcecode.swift; path = aula_UI_text_fieldTests.swift; sourceTree = "<group>"; };
		2E701B87228A3B6D008D9B92 /* Info.plist */ = {isa = PBXFileReference; lastKnownFileType = text.plist.xml; path = Info.plist; sourceTree = "<group>"; };
		2E701B8C228A3B6D008D9B92 /* aula_UI_text_fieldUITests.xctest */ = {isa = PBXFileReference; explicitFileType = wrapper.cfbundle; includeInIndex = 0; path = aula_UI_text_fieldUITests.xctest; sourceTree = BUILT_PRODUCTS_DIR; };
		2E701B90228A3B6D008D9B92 /* aula_UI_text_fieldUITests.swift */ = {isa = PBXFileReference; lastKnownFileType = sourcecode.swift; path = aula_UI_text_fieldUITests.swift; sourceTree = "<group>"; };
		2E701B92228A3B6D008D9B92 /* Info.plist */ = {isa = PBXFileReference; lastKnownFileType = text.plist.xml; path = Info.plist; sourceTree = "<group>"; };
/* End PBXFileReference section */

/* Begin PBXFrameworksBuildPhase section */
		2E701B6A228A3B6C008D9B92 /* Frameworks */ = {
			isa = PBXFrameworksBuildPhase;
			buildActionMask = 2147483647;
			files = (
			);
			runOnlyForDeploymentPostprocessing = 0;
		};
		2E701B7E228A3B6D008D9B92 /* Frameworks */ = {
			isa = PBXFrameworksBuildPhase;
			buildActionMask = 2147483647;
			files = (
			);
			runOnlyForDeploymentPostprocessing = 0;
		};
		2E701B89228A3B6D008D9B92 /* Frameworks */ = {
			isa = PBXFrameworksBuildPhase;
			buildActionMask = 2147483647;
			files = (
			);
			runOnlyForDeploymentPostprocessing = 0;
		};
/* End PBXFrameworksBuildPhase section */

/* Begin PBXGroup section */
		2E701B64228A3B6C008D9B92 = {
			isa = PBXGroup;
			children = (
				2E701B6F228A3B6C008D9B92 /* aula_UI_text_field */,
				2E701B84228A3B6D008D9B92 /* aula_UI_text_fieldTests */,
				2E701B8F228A3B6D008D9B92 /* aula_UI_text_fieldUITests */,
				2E701B6E228A3B6C008D9B92 /* Products */,
			);
			sourceTree = "<group>";
		};
		2E701B6E228A3B6C008D9B92 /* Products */ = {
			isa = PBXGroup;
			children = (
				2E701B6D228A3B6C008D9B92 /* aula_UI_text_field.app */,
				2E701B81228A3B6D008D9B92 /* aula_UI_text_fieldTests.xctest */,
				2E701B8C228A3B6D008D9B92 /* aula_UI_text_fieldUITests.xctest */,
			);
			name = Products;
			sourceTree = "<group>";
		};
		2E701B6F228A3B6C008D9B92 /* aula_UI_text_field */ = {
			isa = PBXGroup;
			children = (
				2E701B70228A3B6C008D9B92 /* AppDelegate.swift */,
				2E701B72228A3B6C008D9B92 /* ViewController.swift */,
				2E701B74228A3B6C008D9B92 /* Main.storyboard */,
				2E701B77228A3B6D008D9B92 /* Assets.xcassets */,
				2E701B79228A3B6D008D9B92 /* LaunchScreen.storyboard */,
				2E701B7C228A3B6D008D9B92 /* Info.plist */,
			);
			path = aula_UI_text_field;
			sourceTree = "<group>";
		};
		2E701B84228A3B6D008D9B92 /* aula_UI_text_fieldTests */ = {
			isa = PBXGroup;
			children = (
				2E701B85228A3B6D008D9B92 /* aula_UI_text_fieldTests.swift */,
				2E701B87228A3B6D008D9B92 /* Info.plist */,
			);
			path = aula_UI_text_fieldTests;
			sourceTree = "<group>";
		};
		2E701B8F228A3B6D008D9B92 /* aula_UI_text_fieldUITests */ = {
			isa = PBXGroup;
			children = (
				2E701B90228A3B6D008D9B92 /* aula_UI_text_fieldUITests.swift */,
				2E701B92228A3B6D008D9B92 /* Info.plist */,
			);
			path = aula_UI_text_fieldUITests;
			sourceTree = "<group>";
		};
/* End PBXGroup section */

/* Begin PBXNativeTarget section */
		2E701B6C228A3B6C008D9B92 /* aula_UI_text_field */ = {
			isa = PBXNativeTarget;
			buildConfigurationList = 2E701B95228A3B6D008D9B92 /* Build configuration list for PBXNativeTarget "aula_UI_text_field" */;
			buildPhases = (
				2E701B69228A3B6C008D9B92 /* Sources */,
				2E701B6A228A3B6C008D9B92 /* Frameworks */,
				2E701B6B228A3B6C008D9B92 /* Resources */,
			);
			buildRules = (
			);
			dependencies = (
			);
			name = aula_UI_text_field;
			productName = aula_UI_text_field;
			productReference = 2E701B6D228A3B6C008D9B92 /* aula_UI_text_field.app */;
			productType = "com.apple.product-type.application";
		};
		2E701B80228A3B6D008D9B92 /* aula_UI_text_fieldTests */ = {
			isa = PBXNativeTarget;
			buildConfigurationList = 2E701B98228A3B6D008D9B92 /* Build configuration list for PBXNativeTarget "aula_UI_text_fieldTests" */;
			buildPhases = (
				2E701B7D228A3B6D008D9B92 /* Sources */,
				2E701B7E228A3B6D008D9B92 /* Frameworks */,
				2E701B7F228A3B6D008D9B92 /* Resources */,
			);
			buildRules = (
			);
			dependencies = (
				2E701B83228A3B6D008D9B92 /* PBXTargetDependency */,
			);
			name = aula_UI_text_fieldTests;
			productName = aula_UI_text_fieldTests;
			productReference = 2E701B81228A3B6D008D9B92 /* aula_UI_text_fieldTests.xctest */;
			productType = "com.apple.product-type.bundle.unit-test";
		};
		2E701B8B228A3B6D008D9B92 /* aula_UI_text_fieldUITests */ = {
			isa = PBXNativeTarget;
			buildConfigurationList = 2E701B9B228A3B6D008D9B92 /* Build configuration list for PBXNativeTarget "aula_UI_text_fieldUITests" */;
			buildPhases = (
				2E701B88228A3B6D008D9B92 /* Sources */,
				2E701B89228A3B6D008D9B92 /* Frameworks */,
				2E701B8A228A3B6D008D9B92 /* Resources */,
			);
			buildRules = (
			);
			dependencies = (
				2E701B8E228A3B6D008D9B92 /* PBXTargetDependency */,
			);
			name = aula_UI_text_fieldUITests;
			productName = aula_UI_text_fieldUITests;
			productReference = 2E701B8C228A3B6D008D9B92 /* aula_UI_text_fieldUITests.xctest */;
			productType = "com.apple.product-type.bundle.ui-testing";
		};
/* End PBXNativeTarget section */

/* Begin PBXProject section */
		2E701B65228A3B6C008D9B92 /* Project object */ = {
			isa = PBXProject;
			attributes = {
				LastSwiftUpdateCheck = 1020;
				LastUpgradeCheck = 1020;
				ORGANIZATIONNAME = "Julia  Martins  Maschion";
				TargetAttributes = {
					2E701B6C228A3B6C008D9B92 = {
						CreatedOnToolsVersion = 10.2;
					};
					2E701B80228A3B6D008D9B92 = {
						CreatedOnToolsVersion = 10.2;
						TestTargetID = 2E701B6C228A3B6C008D9B92;
					};
					2E701B8B228A3B6D008D9B92 = {
						CreatedOnToolsVersion = 10.2;
						TestTargetID = 2E701B6C228A3B6C008D9B92;
					};
				};
			};
			buildConfigurationList = 2E701B68228A3B6C008D9B92 /* Build configuration list for PBXProject "aula_UI_text_field" */;
			compatibilityVersion = "Xcode 9.3";
			developmentRegion = en;
			hasScannedForEncodings = 0;
			knownRegions = (
				en,
				Base,
			);
			mainGroup = 2E701B64228A3B6C008D9B92;
			productRefGroup = 2E701B6E228A3B6C008D9B92 /* Products */;
			projectDirPath = "";
			projectRoot = "";
			targets = (
				2E701B6C228A3B6C008D9B92 /* aula_UI_text_field */,
				2E701B80228A3B6D008D9B92 /* aula_UI_text_fieldTests */,
				2E701B8B228A3B6D008D9B92 /* aula_UI_text_fieldUITests */,
			);
		};
/* End PBXProject section */

/* Begin PBXResourcesBuildPhase section */
		2E701B6B228A3B6C008D9B92 /* Resources */ = {
			isa = PBXResourcesBuildPhase;
			buildActionMask = 2147483647;
			files = (
				2E701B7B228A3B6D008D9B92 /* LaunchScreen.storyboard in Resources */,
				2E701B78228A3B6D008D9B92 /* Assets.xcassets in Resources */,
				2E701B76228A3B6C008D9B92 /* Main.storyboard in Resources */,
			);
			runOnlyForDeploymentPostprocessing = 0;
		};
		2E701B7F228A3B6D008D9B92 /* Resources */ = {
			isa = PBXResourcesBuildPhase;
			buildActionMask = 2147483647;
			files = (
			);
			runOnlyForDeploymentPostprocessing = 0;
		};
		2E701B8A228A3B6D008D9B92 /* Resources */ = {
			isa = PBXResourcesBuildPhase;
			buildActionMask = 2147483647;
			files = (
			);
			runOnlyForDeploymentPostprocessing = 0;
		};
/* End PBXResourcesBuildPhase section */

/* Begin PBXSourcesBuildPhase section */
		2E701B69228A3B6C008D9B92 /* Sources */ = {
			isa = PBXSourcesBuildPhase;
			buildActionMask = 2147483647;
			files = (
				2E701B73228A3B6C008D9B92 /* ViewController.swift in Sources */,
				2E701B71228A3B6C008D9B92 /* AppDelegate.swift in Sources */,
			);
			runOnlyForDeploymentPostprocessing = 0;
		};
		2E701B7D228A3B6D008D9B92 /* Sources */ = {
			isa = PBXSourcesBuildPhase;
			buildActionMask = 2147483647;
			files = (
				2E701B86228A3B6D008D9B92 /* aula_UI_text_fieldTests.swift in Sources */,
			);
			runOnlyForDeploymentPostprocessing = 0;
		};
		2E701B88228A3B6D008D9B92 /* Sources */ = {
			isa = PBXSourcesBuildPhase;
			buildActionMask = 2147483647;
			files = (
				2E701B91228A3B6D008D9B92 /* aula_UI_text_fieldUITests.swift in Sources */,
			);
			runOnlyForDeploymentPostprocessing = 0;
		};
/* End PBXSourcesBuildPhase section */

/* Begin PBXTargetDependency section */
		2E701B83228A3B6D008D9B92 /* PBXTargetDependency */ = {
			isa = PBXTargetDependency;
			target = 2E701B6C228A3B6C008D9B92 /* aula_UI_text_field */;
			targetProxy = 2E701B82228A3B6D008D9B92 /* PBXContainerItemProxy */;
		};
		2E701B8E228A3B6D008D9B92 /* PBXTargetDependency */ = {
			isa = PBXTargetDependency;
			target = 2E701B6C228A3B6C008D9B92 /* aula_UI_text_field */;
			targetProxy = 2E701B8D228A3B6D008D9B92 /* PBXContainerItemProxy */;
		};
/* End PBXTargetDependency section */

/* Begin PBXVariantGroup section */
		2E701B74228A3B6C008D9B92 /* Main.storyboard */ = {
			isa = PBXVariantGroup;
			children = (
				2E701B75228A3B6C008D9B92 /* Base */,
			);
			name = Main.storyboard;
			sourceTree = "<group>";
		};
		2E701B79228A3B6D008D9B92 /* LaunchScreen.storyboard */ = {
			isa = PBXVariantGroup;
			children = (
				2E701B7A228A3B6D008D9B92 /* Base */,
			);
			name = LaunchScreen.storyboard;
			sourceTree = "<group>";
		};
/* End PBXVariantGroup section */

/* Begin XCBuildConfiguration section */
		2E701B93228A3B6D008D9B92 /* Debug */ = {
			isa = XCBuildConfiguration;
			buildSettings = {
				ALWAYS_SEARCH_USER_PATHS = NO;
				CLANG_ANALYZER_NONNULL = YES;
				CLANG_ANALYZER_NUMBER_OBJECT_CONVERSION = YES_AGGRESSIVE;
				CLANG_CXX_LANGUAGE_STANDARD = "gnu++14";
				CLANG_CXX_LIBRARY = "libc++";
				CLANG_ENABLE_MODULES = YES;
				CLANG_ENABLE_OBJC_ARC = YES;
				CLANG_ENABLE_OBJC_WEAK = YES;
				CLANG_WARN_BLOCK_CAPTURE_AUTORELEASING = YES;
				CLANG_WARN_BOOL_CONVERSION = YES;
				CLANG_WARN_COMMA = YES;
				CLANG_WARN_CONSTANT_CONVERSION = YES;
				CLANG_WARN_DEPRECATED_OBJC_IMPLEMENTATIONS = YES;
				CLANG_WARN_DIRECT_OBJC_ISA_USAGE = YES_ERROR;
				CLANG_WARN_DOCUMENTATION_COMMENTS = YES;
				CLANG_WARN_EMPTY_BODY = YES;
				CLANG_WARN_ENUM_CONVERSION = YES;
				CLANG_WARN_INFINITE_RECURSION = YES;
				CLANG_WARN_INT_CONVERSION = YES;
				CLANG_WARN_NON_LITERAL_NULL_CONVERSION = YES;
				CLANG_WARN_OBJC_IMPLICIT_RETAIN_SELF = YES;
				CLANG_WARN_OBJC_LITERAL_CONVERSION = YES;
				CLANG_WARN_OBJC_ROOT_CLASS = YES_ERROR;
				CLANG_WARN_RANGE_LOOP_ANALYSIS = YES;
				CLANG_WARN_STRICT_PROTOTYPES = YES;
				CLANG_WARN_SUSPICIOUS_MOVE = YES;
				CLANG_WARN_UNGUARDED_AVAILABILITY = YES_AGGRESSIVE;
				CLANG_WARN_UNREACHABLE_CODE = YES;
				CLANG_WARN__DUPLICATE_METHOD_MATCH = YES;
				CODE_SIGN_IDENTITY = "iPhone Developer";
				COPY_PHASE_STRIP = NO;
				DEBUG_INFORMATION_FORMAT = dwarf;
				ENABLE_STRICT_OBJC_MSGSEND = YES;
				ENABLE_TESTABILITY = YES;
				GCC_C_LANGUAGE_STANDARD = gnu11;
				GCC_DYNAMIC_NO_PIC = NO;
				GCC_NO_COMMON_BLOCKS = YES;
				GCC_OPTIMIZATION_LEVEL = 0;
				GCC_PREPROCESSOR_DEFINITIONS = (
					"DEBUG=1",
					"$(inherited)",
				);
				GCC_WARN_64_TO_32_BIT_CONVERSION = YES;
				GCC_WARN_ABOUT_RETURN_TYPE = YES_ERROR;
				GCC_WARN_UNDECLARED_SELECTOR = YES;
				GCC_WARN_UNINITIALIZED_AUTOS = YES_AGGRESSIVE;
				GCC_WARN_UNUSED_FUNCTION = YES;
				GCC_WARN_UNUSED_VARIABLE = YES;
				IPHONEOS_DEPLOYMENT_TARGET = 12.2;
				MTL_ENABLE_DEBUG_INFO = INCLUDE_SOURCE;
				MTL_FAST_MATH = YES;
				ONLY_ACTIVE_ARCH = YES;
				SDKROOT = iphoneos;
				SWIFT_ACTIVE_COMPILATION_CONDITIONS = DEBUG;
				SWIFT_OPTIMIZATION_LEVEL = "-Onone";
			};
			name = Debug;
		};
		2E701B94228A3B6D008D9B92 /* Release */ = {
			isa = XCBuildConfiguration;
			buildSettings = {
				ALWAYS_SEARCH_USER_PATHS = NO;
				CLANG_ANALYZER_NONNULL = YES;
				CLANG_ANALYZER_NUMBER_OBJECT_CONVERSION = YES_AGGRESSIVE;
				CLANG_CXX_LANGUAGE_STANDARD = "gnu++14";
				CLANG_CXX_LIBRARY = "libc++";
				CLANG_ENABLE_MODULES = YES;
				CLANG_ENABLE_OBJC_ARC = YES;
				CLANG_ENABLE_OBJC_WEAK = YES;
				CLANG_WARN_BLOCK_CAPTURE_AUTORELEASING = YES;
				CLANG_WARN_BOOL_CONVERSION = YES;
				CLANG_WARN_COMMA = YES;
				CLANG_WARN_CONSTANT_CONVERSION = YES;
				CLANG_WARN_DEPRECATED_OBJC_IMPLEMENTATIONS = YES;
				CLANG_WARN_DIRECT_OBJC_ISA_USAGE = YES_ERROR;
				CLANG_WARN_DOCUMENTATION_COMMENTS = YES;
				CLANG_WARN_EMPTY_BODY = YES;
				CLANG_WARN_ENUM_CONVERSION = YES;
				CLANG_WARN_INFINITE_RECURSION = YES;
				CLANG_WARN_INT_CONVERSION = YES;
				CLANG_WARN_NON_LITERAL_NULL_CONVERSION = YES;
				CLANG_WARN_OBJC_IMPLICIT_RETAIN_SELF = YES;
				CLANG_WARN_OBJC_LITERAL_CONVERSION = YES;
				CLANG_WARN_OBJC_ROOT_CLASS = YES_ERROR;
				CLANG_WARN_RANGE_LOOP_ANALYSIS = YES;
				CLANG_WARN_STRICT_PROTOTYPES = YES;
				CLANG_WARN_SUSPICIOUS_MOVE = YES;
				CLANG_WARN_UNGUARDED_AVAILABILITY = YES_AGGRESSIVE;
				CLANG_WARN_UNREACHABLE_CODE = YES;
				CLANG_WARN__DUPLICATE_METHOD_MATCH = YES;
				CODE_SIGN_IDENTITY = "iPhone Developer";
				COPY_PHASE_STRIP = NO;
				DEBUG_INFORMATION_FORMAT = "dwarf-with-dsym";
				ENABLE_NS_ASSERTIONS = NO;
				ENABLE_STRICT_OBJC_MSGSEND = YES;
				GCC_C_LANGUAGE_STANDARD = gnu11;
				GCC_NO_COMMON_BLOCKS = YES;
				GCC_WARN_64_TO_32_BIT_CONVERSION = YES;
				GCC_WARN_ABOUT_RETURN_TYPE = YES_ERROR;
				GCC_WARN_UNDECLARED_SELECTOR = YES;
				GCC_WARN_UNINITIALIZED_AUTOS = YES_AGGRESSIVE;
				GCC_WARN_UNUSED_FUNCTION = YES;
				GCC_WARN_UNUSED_VARIABLE = YES;
				IPHONEOS_DEPLOYMENT_TARGET = 12.2;
				MTL_ENABLE_DEBUG_INFO = NO;
				MTL_FAST_MATH = YES;
				SDKROOT = iphoneos;
				SWIFT_COMPILATION_MODE = wholemodule;
				SWIFT_OPTIMIZATION_LEVEL = "-O";
				VALIDATE_PRODUCT = YES;
			};
			name = Release;
		};
		2E701B96228A3B6D008D9B92 /* Debug */ = {
			isa = XCBuildConfiguration;
			buildSettings = {
				ASSETCATALOG_COMPILER_APPICON_NAME = AppIcon;
				CODE_SIGN_STYLE = Automatic;
				INFOPLIST_FILE = aula_UI_text_field/Info.plist;
				LD_RUNPATH_SEARCH_PATHS = (
					"$(inherited)",
					"@executable_path/Frameworks",
				);
				PRODUCT_BUNDLE_IDENTIFIER = "julia-maschion.aula-UI-text-field";
				PRODUCT_NAME = "$(TARGET_NAME)";
				SWIFT_VERSION = 5.0;
				TARGETED_DEVICE_FAMILY = "1,2";
			};
			name = Debug;
		};
		2E701B97228A3B6D008D9B92 /* Release */ = {
			isa = XCBuildConfiguration;
			buildSettings = {
				ASSETCATALOG_COMPILER_APPICON_NAME = AppIcon;
				CODE_SIGN_STYLE = Automatic;
				INFOPLIST_FILE = aula_UI_text_field/Info.plist;
				LD_RUNPATH_SEARCH_PATHS = (
					"$(inherited)",
					"@executable_path/Frameworks",
				);
				PRODUCT_BUNDLE_IDENTIFIER = "julia-maschion.aula-UI-text-field";
				PRODUCT_NAME = "$(TARGET_NAME)";
				SWIFT_VERSION = 5.0;
				TARGETED_DEVICE_FAMILY = "1,2";
			};
			name = Release;
		};
		2E701B99228A3B6D008D9B92 /* Debug */ = {
			isa = XCBuildConfiguration;
			buildSettings = {
				ALWAYS_EMBED_SWIFT_STANDARD_LIBRARIES = YES;
				BUNDLE_LOADER = "$(TEST_HOST)";
				CODE_SIGN_STYLE = Automatic;
				INFOPLIST_FILE = aula_UI_text_fieldTests/Info.plist;
				LD_RUNPATH_SEARCH_PATHS = (
					"$(inherited)",
					"@executable_path/Frameworks",
					"@loader_path/Frameworks",
				);
				PRODUCT_BUNDLE_IDENTIFIER = "julia-maschion.aula-UI-text-fieldTests";
				PRODUCT_NAME = "$(TARGET_NAME)";
				SWIFT_VERSION = 5.0;
				TARGETED_DEVICE_FAMILY = "1,2";
				TEST_HOST = "$(BUILT_PRODUCTS_DIR)/aula_UI_text_field.app/aula_UI_text_field";
			};
			name = Debug;
		};
		2E701B9A228A3B6D008D9B92 /* Release */ = {
			isa = XCBuildConfiguration;
			buildSettings = {
				ALWAYS_EMBED_SWIFT_STANDARD_LIBRARIES = YES;
				BUNDLE_LOADER = "$(TEST_HOST)";
				CODE_SIGN_STYLE = Automatic;
				INFOPLIST_FILE = aula_UI_text_fieldTests/Info.plist;
				LD_RUNPATH_SEARCH_PATHS = (
					"$(inherited)",
					"@executable_path/Frameworks",
					"@loader_path/Frameworks",
				);
				PRODUCT_BUNDLE_IDENTIFIER = "julia-maschion.aula-UI-text-fieldTests";
				PRODUCT_NAME = "$(TARGET_NAME)";
				SWIFT_VERSION = 5.0;
				TARGETED_DEVICE_FAMILY = "1,2";
				TEST_HOST = "$(BUILT_PRODUCTS_DIR)/aula_UI_text_field.app/aula_UI_text_field";
			};
			name = Release;
		};
		2E701B9C228A3B6D008D9B92 /* Debug */ = {
			isa = XCBuildConfiguration;
			buildSettings = {
				ALWAYS_EMBED_SWIFT_STANDARD_LIBRARIES = YES;
				CODE_SIGN_STYLE = Automatic;
				INFOPLIST_FILE = aula_UI_text_fieldUITests/Info.plist;
				LD_RUNPATH_SEARCH_PATHS = (
					"$(inherited)",
					"@executable_path/Frameworks",
					"@loader_path/Frameworks",
				);
				PRODUCT_BUNDLE_IDENTIFIER = "julia-maschion.aula-UI-text-fieldUITests";
				PRODUCT_NAME = "$(TARGET_NAME)";
				SWIFT_VERSION = 5.0;
				TARGETED_DEVICE_FAMILY = "1,2";
				TEST_TARGET_NAME = aula_UI_text_field;
			};
			name = Debug;
		};
		2E701B9D228A3B6D008D9B92 /* Release */ = {
			isa = XCBuildConfiguration;
			buildSettings = {
				ALWAYS_EMBED_SWIFT_STANDARD_LIBRARIES = YES;
				CODE_SIGN_STYLE = Automatic;
				INFOPLIST_FILE = aula_UI_text_fieldUITests/Info.plist;
				LD_RUNPATH_SEARCH_PATHS = (
					"$(inherited)",
					"@executable_path/Frameworks",
					"@loader_path/Frameworks",
				);
				PRODUCT_BUNDLE_IDENTIFIER = "julia-maschion.aula-UI-text-fieldUITests";
				PRODUCT_NAME = "$(TARGET_NAME)";
				SWIFT_VERSION = 5.0;
				TARGETED_DEVICE_FAMILY = "1,2";
				TEST_TARGET_NAME = aula_UI_text_field;
			};
			name = Release;
		};
/* End XCBuildConfiguration section */

/* Begin XCConfigurationList section */
		2E701B68228A3B6C008D9B92 /* Build configuration list for PBXProject "aula_UI_text_field" */ = {
			isa = XCConfigurationList;
			buildConfigurations = (
				2E701B93228A3B6D008D9B92 /* Debug */,
				2E701B94228A3B6D008D9B92 /* Release */,
			);
			defaultConfigurationIsVisible = 0;
			defaultConfigurationName = Release;
		};
		2E701B95228A3B6D008D9B92 /* Build configuration list for PBXNativeTarget "aula_UI_text_field" */ = {
			isa = XCConfigurationList;
			buildConfigurations = (
				2E701B96228A3B6D008D9B92 /* Debug */,
				2E701B97228A3B6D008D9B92 /* Release */,
			);
			defaultConfigurationIsVisible = 0;
			defaultConfigurationName = Release;
		};
		2E701B98228A3B6D008D9B92 /* Build configuration list for PBXNativeTarget "aula_UI_text_fieldTests" */ = {
			isa = XCConfigurationList;
			buildConfigurations = (
				2E701B99228A3B6D008D9B92 /* Debug */,
				2E701B9A228A3B6D008D9B92 /* Release */,
			);
			defaultConfigurationIsVisible = 0;
			defaultConfigurationName = Release;
		};
		2E701B9B228A3B6D008D9B92 /* Build configuration list for PBXNativeTarget "aula_UI_text_fieldUITests" */ = {
			isa = XCConfigurationList;
			buildConfigurations = (
				2E701B9C228A3B6D008D9B92 /* Debug */,
				2E701B9D228A3B6D008D9B92 /* Release */,
			);
			defaultConfigurationIsVisible = 0;
			defaultConfigurationName = Release;
		};
/* End XCConfigurationList section */
	};
	rootObject = 2E701B65228A3B6C008D9B92 /* Project object */;
}
